
Microsoft Visual Studio Solution File, Format Version 12.00
# Visual Studio 15
VisualStudioVersion = 15.0.27703.2026
MinimumVisualStudioVersion = 10.0.40219.1
Project("{9A19103F-16F7-4668-BE54-9A1E7A4F7556}") = "TaxiFarePrediction", "TaxiFarePrediction\TaxiFarePrediction.csproj", "{F3156B91-D680-4074-8502-82DD06BFBB43}"
EndProject
Project("{FAE04EC0-301F-11D3-BF4B-00C04F79EFBC}") = "Iris", "Iris\Iris.csproj", "{56F03BC4-E803-4A8A-9394-7F35D80462FD}"
EndProject
Global
	GlobalSection(SolutionConfigurationPlatforms) = preSolution
		Debug|Any CPU = Debug|Any CPU
		Release|Any CPU = Release|Any CPU
	EndGlobalSection
	GlobalSection(ProjectConfigurationPlatforms) = postSolution
		{F3156B91-D680-4074-8502-82DD06BFBB43}.Debug|Any CPU.ActiveCfg = Debug|Any CPU
		{F3156B91-D680-4074-8502-82DD06BFBB43}.Debug|Any CPU.Build.0 = Debug|Any CPU
		{F3156B91-D680-4074-8502-82DD06BFBB43}.Release|Any CPU.ActiveCfg = Release|Any CPU
		{F3156B91-D680-4074-8502-82DD06BFBB43}.Release|Any CPU.Build.0 = Release|Any CPU
		{56F03BC4-E803-4A8A-9394-7F35D80462FD}.Debug|Any CPU.ActiveCfg = Debug|Any CPU
		{56F03BC4-E803-4A8A-9394-7F35D80462FD}.Debug|Any CPU.Build.0 = Debug|Any CPU
		{56F03BC4-E803-4A8A-9394-7F35D80462FD}.Release|Any CPU.ActiveCfg = Release|Any CPU
		{56F03BC4-E803-4A8A-9394-7F35D80462FD}.Release|Any CPU.Build.0 = Release|Any CPU
	EndGlobalSection
	GlobalSection(SolutionProperties) = preSolution
		HideSolutionNode = FALSE
	EndGlobalSection
	GlobalSection(ExtensibilityGlobals) = postSolution
		SolutionGuid = {AAB1EA2E-B1AC-4347-9A72-C29657E9711B}
	EndGlobalSection
EndGlobal
